
Microsoft Visual Studio Solution File, Format Version 12.00
# Visual Studio 15
VisualStudioVersion = 15.0.28010.2041
MinimumVisualStudioVersion = 10.0.40219.1
Project("{FAE04EC0-301F-11D3-BF4B-00C04F79EFBC}") = "MyTask5", "MyTask5\MyTask5.csproj", "{B19D1C48-CA98-4288-980F-06324FB3F78C}"
EndProject
Global
	GlobalSection(SolutionConfigurationPlatforms) = preSolution
		Debug|Any CPU = Debug|Any CPU
		Release|Any CPU = Release|Any CPU
	EndGlobalSection
	GlobalSection(ProjectConfigurationPlatforms) = postSolution
		{B19D1C48-CA98-4288-980F-06324FB3F78C}.Debug|Any CPU.ActiveCfg = Debug|Any CPU
		{B19D1C48-CA98-4288-980F-06324FB3F78C}.Debug|Any CPU.Build.0 = Debug|Any CPU
		{B19D1C48-CA98-4288-980F-06324FB3F78C}.Release|Any CPU.ActiveCfg = Release|Any CPU
		{B19D1C48-CA98-4288-980F-06324FB3F78C}.Release|Any CPU.Build.0 = Release|Any CPU
	EndGlobalSection
	GlobalSection(SolutionProperties) = preSolution
		HideSolutionNode = FALSE
	EndGlobalSection
	GlobalSection(ExtensibilityGlobals) = postSolution
		SolutionGuid = {E45755D1-FDBB-4206-B53A-2FB4EF515540}
	EndGlobalSection
EndGlobal
