
Microsoft Visual Studio Solution File, Format Version 12.00
# Visual Studio 15
VisualStudioVersion = 15.0.28010.2036
MinimumVisualStudioVersion = 10.0.40219.1
Project("{FAE04EC0-301F-11D3-BF4B-00C04F79EFBC}") = "lab3Poli", "lab3Poli\lab3Poli.csproj", "{C2D629F2-B2E2-4207-8E57-FA1CBCC6461C}"
EndProject
Global
	GlobalSection(SolutionConfigurationPlatforms) = preSolution
		Debug|Any CPU = Debug|Any CPU
		Release|Any CPU = Release|Any CPU
	EndGlobalSection
	GlobalSection(ProjectConfigurationPlatforms) = postSolution
		{C2D629F2-B2E2-4207-8E57-FA1CBCC6461C}.Debug|Any CPU.ActiveCfg = Debug|Any CPU
		{C2D629F2-B2E2-4207-8E57-FA1CBCC6461C}.Debug|Any CPU.Build.0 = Debug|Any CPU
		{C2D629F2-B2E2-4207-8E57-FA1CBCC6461C}.Release|Any CPU.ActiveCfg = Release|Any CPU
		{C2D629F2-B2E2-4207-8E57-FA1CBCC6461C}.Release|Any CPU.Build.0 = Release|Any CPU
	EndGlobalSection
	GlobalSection(SolutionProperties) = preSolution
		HideSolutionNode = FALSE
	EndGlobalSection
	GlobalSection(ExtensibilityGlobals) = postSolution
		SolutionGuid = {D1978AEB-40D5-422C-A01A-05CBA1454A82}
	EndGlobalSection
EndGlobal
